// !$*UTF8*$!
{
	archiveVersion = 1;
	classes = {
	};
	objectVersion = 46;
	objects = {

/* Begin PBXBuildFile section */
		6531EF401D34844400539599 /* MergeMaximumSubarray.cpp in Sources */ = {isa = PBXBuildFile; fileRef = 6531EF3E1D34844400539599 /* MergeMaximumSubarray.cpp */; };
		6531EF441D348DEE00539599 /* LinerMaximumSubarray.cpp in Sources */ = {isa = PBXBuildFile; fileRef = 6531EF421D348DEE00539599 /* LinerMaximumSubarray.cpp */; };
		658706E31CD08B29002FE2C6 /* StraightInsertionSort.cpp in Sources */ = {isa = PBXBuildFile; fileRef = 658706E11CD08B29002FE2C6 /* StraightInsertionSort.cpp */; };
		658706E51CD08B6C002FE2C6 /* SelectSort.cpp in Sources */ = {isa = PBXBuildFile; fileRef = 658706E41CD08B6C002FE2C6 /* SelectSort.cpp */; };
		65A0BDE41CD0A796003323B9 /* MergeSort.cpp in Sources */ = {isa = PBXBuildFile; fileRef = 65A0BDE31CD0A796003323B9 /* MergeSort.cpp */; };
		65B2BA651DB1F6DD00429171 /* Sort.h in Sources */ = {isa = PBXBuildFile; fileRef = 65B2BA641DB1F6DD00429171 /* Sort.h */; };
		65B2BA671DB1F73700429171 /* MaximumSubarray.h in Sources */ = {isa = PBXBuildFile; fileRef = 65B2BA661DB1F73700429171 /* MaximumSubarray.h */; };
		65B2BA6A1DB1F92E00429171 /* ShellSort.cpp in Sources */ = {isa = PBXBuildFile; fileRef = 65B2BA681DB1F92E00429171 /* ShellSort.cpp */; };
		65B2BA6D1DB1F98900429171 /* QuickSort.cpp in Sources */ = {isa = PBXBuildFile; fileRef = 65B2BA6B1DB1F98900429171 /* QuickSort.cpp */; };
		65B2BA701DB1F9DB00429171 /* RadixSort.cpp in Sources */ = {isa = PBXBuildFile; fileRef = 65B2BA6E1DB1F9DB00429171 /* RadixSort.cpp */; };
		65B2BA731DB1FACF00429171 /* ProduceRadomData.cpp in Sources */ = {isa = PBXBuildFile; fileRef = 65B2BA711DB1FACF00429171 /* ProduceRadomData.cpp */; };
/* End PBXBuildFile section */

/* Begin PBXCopyFilesBuildPhase section */
		654A94E81CD089A000364622 /* CopyFiles */ = {
			isa = PBXCopyFilesBuildPhase;
			buildActionMask = 2147483647;
			dstPath = /usr/share/man/man1/;
			dstSubfolderSpec = 0;
			files = (
			);
			runOnlyForDeploymentPostprocessing = 1;
		};
		65B2BA761DB21CCB00429171 /* CopyFiles */ = {
			isa = PBXCopyFilesBuildPhase;
			buildActionMask = 2147483647;
			dstPath = /usr/share/man/man1/;
			dstSubfolderSpec = 0;
			files = (
			);
			runOnlyForDeploymentPostprocessing = 1;
		};
/* End PBXCopyFilesBuildPhase section */

/* Begin PBXFileReference section */
		6531EF3E1D34844400539599 /* MergeMaximumSubarray.cpp */ = {isa = PBXFileReference; fileEncoding = 4; lastKnownFileType = sourcecode.cpp.cpp; path = MergeMaximumSubarray.cpp; sourceTree = "<group>"; };
		6531EF421D348DEE00539599 /* LinerMaximumSubarray.cpp */ = {isa = PBXFileReference; fileEncoding = 4; lastKnownFileType = sourcecode.cpp.cpp; path = LinerMaximumSubarray.cpp; sourceTree = "<group>"; };
		654A94EA1CD089A000364622 /* Algorithm */ = {isa = PBXFileReference; explicitFileType = "compiled.mach-o.executable"; includeInIndex = 0; path = Algorithm; sourceTree = BUILT_PRODUCTS_DIR; };
		658706E11CD08B29002FE2C6 /* StraightInsertionSort.cpp */ = {isa = PBXFileReference; fileEncoding = 4; lastKnownFileType = sourcecode.cpp.cpp; path = StraightInsertionSort.cpp; sourceTree = "<group>"; };
		658706E41CD08B6C002FE2C6 /* SelectSort.cpp */ = {isa = PBXFileReference; fileEncoding = 4; lastKnownFileType = sourcecode.cpp.cpp; path = SelectSort.cpp; sourceTree = "<group>"; };
		65A0BDE31CD0A796003323B9 /* MergeSort.cpp */ = {isa = PBXFileReference; fileEncoding = 4; lastKnownFileType = sourcecode.cpp.cpp; path = MergeSort.cpp; sourceTree = "<group>"; };
		65B2BA641DB1F6DD00429171 /* Sort.h */ = {isa = PBXFileReference; fileEncoding = 4; lastKnownFileType = sourcecode.c.h; path = Sort.h; sourceTree = "<group>"; };
		65B2BA661DB1F73700429171 /* MaximumSubarray.h */ = {isa = PBXFileReference; fileEncoding = 4; lastKnownFileType = sourcecode.c.h; path = MaximumSubarray.h; sourceTree = "<group>"; };
		65B2BA681DB1F92E00429171 /* ShellSort.cpp */ = {isa = PBXFileReference; fileEncoding = 4; lastKnownFileType = sourcecode.cpp.cpp; path = ShellSort.cpp; sourceTree = "<group>"; };
		65B2BA6B1DB1F98900429171 /* QuickSort.cpp */ = {isa = PBXFileReference; fileEncoding = 4; lastKnownFileType = sourcecode.cpp.cpp; path = QuickSort.cpp; sourceTree = "<group>"; };
		65B2BA6E1DB1F9DB00429171 /* RadixSort.cpp */ = {isa = PBXFileReference; fileEncoding = 4; lastKnownFileType = sourcecode.cpp.cpp; path = RadixSort.cpp; sourceTree = "<group>"; };
		65B2BA711DB1FACF00429171 /* ProduceRadomData.cpp */ = {isa = PBXFileReference; fileEncoding = 4; lastKnownFileType = sourcecode.cpp.cpp; path = ProduceRadomData.cpp; sourceTree = "<group>"; };
		65B2BA781DB21CCB00429171 /* ProduceRandomData */ = {isa = PBXFileReference; explicitFileType = "compiled.mach-o.executable"; includeInIndex = 0; path = ProduceRandomData; sourceTree = BUILT_PRODUCTS_DIR; };
/* End PBXFileReference section */

/* Begin PBXFrameworksBuildPhase section */
		654A94E71CD089A000364622 /* Frameworks */ = {
			isa = PBXFrameworksBuildPhase;
			buildActionMask = 2147483647;
			files = (
			);
			runOnlyForDeploymentPostprocessing = 0;
		};
		65B2BA751DB21CCB00429171 /* Frameworks */ = {
			isa = PBXFrameworksBuildPhase;
			buildActionMask = 2147483647;
			files = (
			);
			runOnlyForDeploymentPostprocessing = 0;
		};
/* End PBXFrameworksBuildPhase section */

/* Begin PBXGroup section */
		6531EF3C1D3481B100539599 /* Sort */ = {
			isa = PBXGroup;
			children = (
				65B2BA641DB1F6DD00429171 /* Sort.h */,
				65B2BA711DB1FACF00429171 /* ProduceRadomData.cpp */,
				658706E11CD08B29002FE2C6 /* StraightInsertionSort.cpp */,
				658706E41CD08B6C002FE2C6 /* SelectSort.cpp */,
				65A0BDE31CD0A796003323B9 /* MergeSort.cpp */,
				65B2BA681DB1F92E00429171 /* ShellSort.cpp */,
				65B2BA6B1DB1F98900429171 /* QuickSort.cpp */,
				65B2BA6E1DB1F9DB00429171 /* RadixSort.cpp */,
			);
			name = Sort;
			sourceTree = "<group>";
		};
		6531EF3D1D3481C800539599 /* MaximumSubarray */ = {
			isa = PBXGroup;
			children = (
				65B2BA661DB1F73700429171 /* MaximumSubarray.h */,
				6531EF3E1D34844400539599 /* MergeMaximumSubarray.cpp */,
				6531EF421D348DEE00539599 /* LinerMaximumSubarray.cpp */,
			);
			name = MaximumSubarray;
			sourceTree = "<group>";
		};
		654A94E11CD089A000364622 = {
			isa = PBXGroup;
			children = (
				654A94EC1CD089A000364622 /* Algorithm */,
				654A94EB1CD089A000364622 /* Products */,
			);
			sourceTree = "<group>";
		};
		654A94EB1CD089A000364622 /* Products */ = {
			isa = PBXGroup;
			children = (
				654A94EA1CD089A000364622 /* Algorithm */,
				65B2BA781DB21CCB00429171 /* ProduceRandomData */,
			);
			name = Products;
			sourceTree = "<group>";
		};
		654A94EC1CD089A000364622 /* Algorithm */ = {
			isa = PBXGroup;
			children = (
				6531EF3D1D3481C800539599 /* MaximumSubarray */,
				6531EF3C1D3481B100539599 /* Sort */,
			);
			path = Algorithm;
			sourceTree = "<group>";
		};
/* End PBXGroup section */

/* Begin PBXNativeTarget section */
		654A94E91CD089A000364622 /* Algorithm */ = {
			isa = PBXNativeTarget;
			buildConfigurationList = 654A94F11CD089A000364622 /* Build configuration list for PBXNativeTarget "Algorithm" */;
			buildPhases = (
				654A94E61CD089A000364622 /* Sources */,
				654A94E71CD089A000364622 /* Frameworks */,
				654A94E81CD089A000364622 /* CopyFiles */,
			);
			buildRules = (
			);
			dependencies = (
			);
			name = Algorithm;
			productName = Algorithm;
			productReference = 654A94EA1CD089A000364622 /* Algorithm */;
			productType = "com.apple.product-type.tool";
		};
		65B2BA771DB21CCB00429171 /* ProduceRandomData */ = {
			isa = PBXNativeTarget;
			buildConfigurationList = 65B2BA7C1DB21CCB00429171 /* Build configuration list for PBXNativeTarget "ProduceRandomData" */;
			buildPhases = (
				65B2BA741DB21CCB00429171 /* Sources */,
				65B2BA751DB21CCB00429171 /* Frameworks */,
				65B2BA761DB21CCB00429171 /* CopyFiles */,
			);
			buildRules = (
			);
			dependencies = (
			);
			name = ProduceRandomData;
			productName = ProduceRandomData;
			productReference = 65B2BA781DB21CCB00429171 /* ProduceRandomData */;
			productType = "com.apple.product-type.tool";
		};
/* End PBXNativeTarget section */

/* Begin PBXProject section */
		654A94E21CD089A000364622 /* Project object */ = {
			isa = PBXProject;
			attributes = {
				LastSwiftUpdateCheck = 0800;
				LastUpgradeCheck = 0800;
				ORGANIZATIONNAME = "孙培文";
				TargetAttributes = {
					654A94E91CD089A000364622 = {
						CreatedOnToolsVersion = 7.3;
					};
					65B2BA771DB21CCB00429171 = {
						CreatedOnToolsVersion = 8.0;
						ProvisioningStyle = Automatic;
					};
				};
			};
			buildConfigurationList = 654A94E51CD089A000364622 /* Build configuration list for PBXProject "Algorithm" */;
			compatibilityVersion = "Xcode 3.2";
			developmentRegion = English;
			hasScannedForEncodings = 0;
			knownRegions = (
				en,
			);
			mainGroup = 654A94E11CD089A000364622;
			productRefGroup = 654A94EB1CD089A000364622 /* Products */;
			projectDirPath = "";
			projectRoot = "";
			targets = (
				654A94E91CD089A000364622 /* Algorithm */,
				65B2BA771DB21CCB00429171 /* ProduceRandomData */,
			);
		};
/* End PBXProject section */

/* Begin PBXSourcesBuildPhase section */
		654A94E61CD089A000364622 /* Sources */ = {
			isa = PBXSourcesBuildPhase;
			buildActionMask = 2147483647;
			files = (
				658706E31CD08B29002FE2C6 /* StraightInsertionSort.cpp in Sources */,
				65B2BA731DB1FACF00429171 /* ProduceRadomData.cpp in Sources */,
				65B2BA671DB1F73700429171 /* MaximumSubarray.h in Sources */,
				65B2BA701DB1F9DB00429171 /* RadixSort.cpp in Sources */,
				65B2BA6A1DB1F92E00429171 /* ShellSort.cpp in Sources */,
				6531EF441D348DEE00539599 /* LinerMaximumSubarray.cpp in Sources */,
				65A0BDE41CD0A796003323B9 /* MergeSort.cpp in Sources */,
				6531EF401D34844400539599 /* MergeMaximumSubarray.cpp in Sources */,
				658706E51CD08B6C002FE2C6 /* SelectSort.cpp in Sources */,
				65B2BA6D1DB1F98900429171 /* QuickSort.cpp in Sources */,
				65B2BA651DB1F6DD00429171 /* Sort.h in Sources */,
			);
			runOnlyForDeploymentPostprocessing = 0;
		};
		65B2BA741DB21CCB00429171 /* Sources */ = {
			isa = PBXSourcesBuildPhase;
			buildActionMask = 2147483647;
			files = (
			);
			runOnlyForDeploymentPostprocessing = 0;
		};
/* End PBXSourcesBuildPhase section */

/* Begin XCBuildConfiguration section */
		654A94EF1CD089A000364622 /* Debug */ = {
			isa = XCBuildConfiguration;
			buildSettings = {
				ALWAYS_SEARCH_USER_PATHS = NO;
				CLANG_ANALYZER_NONNULL = YES;
				CLANG_CXX_LANGUAGE_STANDARD = "gnu++0x";
				CLANG_CXX_LIBRARY = "libc++";
				CLANG_ENABLE_MODULES = YES;
				CLANG_ENABLE_OBJC_ARC = YES;
				CLANG_WARN_BOOL_CONVERSION = YES;
				CLANG_WARN_CONSTANT_CONVERSION = YES;
				CLANG_WARN_DIRECT_OBJC_ISA_USAGE = YES_ERROR;
				CLANG_WARN_EMPTY_BODY = YES;
				CLANG_WARN_ENUM_CONVERSION = YES;
				CLANG_WARN_INFINITE_RECURSION = YES;
				CLANG_WARN_INT_CONVERSION = YES;
				CLANG_WARN_OBJC_ROOT_CLASS = YES_ERROR;
				CLANG_WARN_SUSPICIOUS_MOVE = YES;
				CLANG_WARN_UNREACHABLE_CODE = YES;
				CLANG_WARN__DUPLICATE_METHOD_MATCH = YES;
				CODE_SIGN_IDENTITY = "-";
				COPY_PHASE_STRIP = NO;
				DEBUG_INFORMATION_FORMAT = dwarf;
				ENABLE_STRICT_OBJC_MSGSEND = YES;
				ENABLE_TESTABILITY = YES;
				GCC_C_LANGUAGE_STANDARD = gnu99;
				GCC_DYNAMIC_NO_PIC = NO;
				GCC_NO_COMMON_BLOCKS = YES;
				GCC_OPTIMIZATION_LEVEL = 0;
				GCC_PREPROCESSOR_DEFINITIONS = (
					"DEBUG=1",
					"$(inherited)",
				);
				GCC_WARN_64_TO_32_BIT_CONVERSION = YES;
				GCC_WARN_ABOUT_RETURN_TYPE = YES_ERROR;
				GCC_WARN_UNDECLARED_SELECTOR = YES;
				GCC_WARN_UNINITIALIZED_AUTOS = YES_AGGRESSIVE;
				GCC_WARN_UNUSED_FUNCTION = YES;
				GCC_WARN_UNUSED_VARIABLE = YES;
				MACOSX_DEPLOYMENT_TARGET = 10.11;
				MTL_ENABLE_DEBUG_INFO = YES;
				ONLY_ACTIVE_ARCH = YES;
				SDKROOT = macosx;
			};
			name = Debug;
		};
		654A94F01CD089A000364622 /* Release */ = {
			isa = XCBuildConfiguration;
			buildSettings = {
				ALWAYS_SEARCH_USER_PATHS = NO;
				CLANG_ANALYZER_NONNULL = YES;
				CLANG_CXX_LANGUAGE_STANDARD = "gnu++0x";
				CLANG_CXX_LIBRARY = "libc++";
				CLANG_ENABLE_MODULES = YES;
				CLANG_ENABLE_OBJC_ARC = YES;
				CLANG_WARN_BOOL_CONVERSION = YES;
				CLANG_WARN_CONSTANT_CONVERSION = YES;
				CLANG_WARN_DIRECT_OBJC_ISA_USAGE = YES_ERROR;
				CLANG_WARN_EMPTY_BODY = YES;
				CLANG_WARN_ENUM_CONVERSION = YES;
				CLANG_WARN_INFINITE_RECURSION = YES;
				CLANG_WARN_INT_CONVERSION = YES;
				CLANG_WARN_OBJC_ROOT_CLASS = YES_ERROR;
				CLANG_WARN_SUSPICIOUS_MOVE = YES;
				CLANG_WARN_UNREACHABLE_CODE = YES;
				CLANG_WARN__DUPLICATE_METHOD_MATCH = YES;
				CODE_SIGN_IDENTITY = "-";
				COPY_PHASE_STRIP = NO;
				DEBUG_INFORMATION_FORMAT = "dwarf-with-dsym";
				ENABLE_NS_ASSERTIONS = NO;
				ENABLE_STRICT_OBJC_MSGSEND = YES;
				GCC_C_LANGUAGE_STANDARD = gnu99;
				GCC_NO_COMMON_BLOCKS = YES;
				GCC_WARN_64_TO_32_BIT_CONVERSION = YES;
				GCC_WARN_ABOUT_RETURN_TYPE = YES_ERROR;
				GCC_WARN_UNDECLARED_SELECTOR = YES;
				GCC_WARN_UNINITIALIZED_AUTOS = YES_AGGRESSIVE;
				GCC_WARN_UNUSED_FUNCTION = YES;
				GCC_WARN_UNUSED_VARIABLE = YES;
				MACOSX_DEPLOYMENT_TARGET = 10.11;
				MTL_ENABLE_DEBUG_INFO = NO;
				SDKROOT = macosx;
			};
			name = Release;
		};
		654A94F21CD089A000364622 /* Debug */ = {
			isa = XCBuildConfiguration;
			buildSettings = {
				PRODUCT_NAME = "$(TARGET_NAME)";
			};
			name = Debug;
		};
		654A94F31CD089A000364622 /* Release */ = {
			isa = XCBuildConfiguration;
			buildSettings = {
				PRODUCT_NAME = "$(TARGET_NAME)";
			};
			name = Release;
		};
		65B2BA7D1DB21CCB00429171 /* Debug */ = {
			isa = XCBuildConfiguration;
			buildSettings = {
				CLANG_WARN_DOCUMENTATION_COMMENTS = YES;
				CLANG_WARN_SUSPICIOUS_MOVES = YES;
				MACOSX_DEPLOYMENT_TARGET = 10.12;
				PRODUCT_NAME = "$(TARGET_NAME)";
				SWIFT_OPTIMIZATION_LEVEL = "-Onone";
				SWIFT_VERSION = 3.0;
			};
			name = Debug;
		};
		65B2BA7E1DB21CCB00429171 /* Release */ = {
			isa = XCBuildConfiguration;
			buildSettings = {
				CLANG_WARN_DOCUMENTATION_COMMENTS = YES;
				CLANG_WARN_SUSPICIOUS_MOVES = YES;
				MACOSX_DEPLOYMENT_TARGET = 10.12;
				PRODUCT_NAME = "$(TARGET_NAME)";
				SWIFT_VERSION = 3.0;
			};
			name = Release;
		};
/* End XCBuildConfiguration section */

/* Begin XCConfigurationList section */
		654A94E51CD089A000364622 /* Build configuration list for PBXProject "Algorithm" */ = {
			isa = XCConfigurationList;
			buildConfigurations = (
				654A94EF1CD089A000364622 /* Debug */,
				654A94F01CD089A000364622 /* Release */,
			);
			defaultConfigurationIsVisible = 0;
			defaultConfigurationName = Release;
		};
		654A94F11CD089A000364622 /* Build configuration list for PBXNativeTarget "Algorithm" */ = {
			isa = XCConfigurationList;
			buildConfigurations = (
				654A94F21CD089A000364622 /* Debug */,
				654A94F31CD089A000364622 /* Release */,
			);
			defaultConfigurationIsVisible = 0;
			defaultConfigurationName = Release;
		};
		65B2BA7C1DB21CCB00429171 /* Build configuration list for PBXNativeTarget "ProduceRandomData" */ = {
			isa = XCConfigurationList;
			buildConfigurations = (
				65B2BA7D1DB21CCB00429171 /* Debug */,
				65B2BA7E1DB21CCB00429171 /* Release */,
			);
			defaultConfigurationIsVisible = 0;
		};
/* End XCConfigurationList section */
	};
	rootObject = 654A94E21CD089A000364622 /* Project object */;
}
