// !$*UTF8*$!
{
	archiveVersion = 1;
	classes = {
	};
	objectVersion = 46;
	objects = {

/* Begin PBXBuildFile section */
		65B2BA8E1DB22DC300429171 /* ProduceRandomData.cpp in Sources */ = {isa = PBXBuildFile; fileRef = 65B2BA881DB22D5000429171 /* ProduceRandomData.cpp */; };
		65B2BA991DB2333F00429171 /* InsertionSort.cpp in Sources */ = {isa = PBXBuildFile; fileRef = 65B2BA981DB2333F00429171 /* InsertionSort.cpp */; };
		65B2BA9F1DB233BA00429171 /* ReadFile.cpp in Sources */ = {isa = PBXBuildFile; fileRef = 65B2BA801DB229B000429171 /* ReadFile.cpp */; };
		65B2BAA71DB24AA700429171 /* MergeSort.cpp in Sources */ = {isa = PBXBuildFile; fileRef = 65B2BAA61DB24AA700429171 /* MergeSort.cpp */; };
		65B2BAAD1DB24B1100429171 /* ReadFile.cpp in Sources */ = {isa = PBXBuildFile; fileRef = 65B2BA801DB229B000429171 /* ReadFile.cpp */; };
		65B2BAB51DB24E6600429171 /* ShellSort.cpp in Sources */ = {isa = PBXBuildFile; fileRef = 65B2BAB41DB24E6600429171 /* ShellSort.cpp */; };
		65B2BABB1DB2524C00429171 /* ReadFile.cpp in Sources */ = {isa = PBXBuildFile; fileRef = 65B2BA801DB229B000429171 /* ReadFile.cpp */; };
		65B2BAC31DB257A000429171 /* QuickSort.cpp in Sources */ = {isa = PBXBuildFile; fileRef = 65B2BAC21DB257A000429171 /* QuickSort.cpp */; };
		65B2BAC91DB257A600429171 /* ReadFile.cpp in Sources */ = {isa = PBXBuildFile; fileRef = 65B2BA801DB229B000429171 /* ReadFile.cpp */; };
		65B2BAD11DB25FD100429171 /* RadixSort.cpp in Sources */ = {isa = PBXBuildFile; fileRef = 65B2BAD01DB25FD100429171 /* RadixSort.cpp */; };
		65B2BAD51DB2608400429171 /* ReadFile.cpp in Sources */ = {isa = PBXBuildFile; fileRef = 65B2BA801DB229B000429171 /* ReadFile.cpp */; };
/* End PBXBuildFile section */

/* Begin PBXCopyFilesBuildPhase section */
		65B2BA841DB22D5000429171 /* CopyFiles */ = {
			isa = PBXCopyFilesBuildPhase;
			buildActionMask = 2147483647;
			dstPath = /usr/share/man/man1/;
			dstSubfolderSpec = 0;
			files = (
			);
			runOnlyForDeploymentPostprocessing = 1;
		};
		65B2BA941DB2333F00429171 /* CopyFiles */ = {
			isa = PBXCopyFilesBuildPhase;
			buildActionMask = 2147483647;
			dstPath = /usr/share/man/man1/;
			dstSubfolderSpec = 0;
			files = (
			);
			runOnlyForDeploymentPostprocessing = 1;
		};
		65B2BAA21DB24AA700429171 /* CopyFiles */ = {
			isa = PBXCopyFilesBuildPhase;
			buildActionMask = 2147483647;
			dstPath = /usr/share/man/man1/;
			dstSubfolderSpec = 0;
			files = (
			);
			runOnlyForDeploymentPostprocessing = 1;
		};
		65B2BAB01DB24E6600429171 /* CopyFiles */ = {
			isa = PBXCopyFilesBuildPhase;
			buildActionMask = 2147483647;
			dstPath = /usr/share/man/man1/;
			dstSubfolderSpec = 0;
			files = (
			);
			runOnlyForDeploymentPostprocessing = 1;
		};
		65B2BABE1DB257A000429171 /* Copy Files */ = {
			isa = PBXCopyFilesBuildPhase;
			buildActionMask = 2147483647;
			dstPath = /usr/share/man/man1/;
			dstSubfolderSpec = 0;
			files = (
			);
			name = "Copy Files";
			runOnlyForDeploymentPostprocessing = 1;
		};
		65B2BACC1DB25FD100429171 /* CopyFiles */ = {
			isa = PBXCopyFilesBuildPhase;
			buildActionMask = 2147483647;
			dstPath = /usr/share/man/man1/;
			dstSubfolderSpec = 0;
			files = (
			);
			runOnlyForDeploymentPostprocessing = 1;
		};
/* End PBXCopyFilesBuildPhase section */

/* Begin PBXFileReference section */
		65B2BA641DB1F6DD00429171 /* Sort.h */ = {isa = PBXFileReference; fileEncoding = 4; lastKnownFileType = sourcecode.c.h; path = Sort.h; sourceTree = "<group>"; };
		65B2BA801DB229B000429171 /* ReadFile.cpp */ = {isa = PBXFileReference; fileEncoding = 4; lastKnownFileType = sourcecode.cpp.cpp; path = ReadFile.cpp; sourceTree = "<group>"; };
		65B2BA861DB22D5000429171 /* ProduceRandomData */ = {isa = PBXFileReference; explicitFileType = "compiled.mach-o.executable"; includeInIndex = 0; path = ProduceRandomData; sourceTree = BUILT_PRODUCTS_DIR; };
		65B2BA881DB22D5000429171 /* ProduceRandomData.cpp */ = {isa = PBXFileReference; lastKnownFileType = sourcecode.cpp.cpp; path = ProduceRandomData.cpp; sourceTree = "<group>"; };
		65B2BA8F1DB22E0600429171 /* Parameters.h */ = {isa = PBXFileReference; lastKnownFileType = sourcecode.c.h; path = Parameters.h; sourceTree = "<group>"; };
		65B2BA961DB2333F00429171 /* InsertionSort */ = {isa = PBXFileReference; explicitFileType = "compiled.mach-o.executable"; includeInIndex = 0; path = InsertionSort; sourceTree = BUILT_PRODUCTS_DIR; };
		65B2BA981DB2333F00429171 /* InsertionSort.cpp */ = {isa = PBXFileReference; lastKnownFileType = sourcecode.cpp.cpp; path = InsertionSort.cpp; sourceTree = "<group>"; };
		65B2BAA41DB24AA700429171 /* MergeSort */ = {isa = PBXFileReference; explicitFileType = "compiled.mach-o.executable"; includeInIndex = 0; path = MergeSort; sourceTree = BUILT_PRODUCTS_DIR; };
		65B2BAA61DB24AA700429171 /* MergeSort.cpp */ = {isa = PBXFileReference; lastKnownFileType = sourcecode.cpp.cpp; path = MergeSort.cpp; sourceTree = "<group>"; };
		65B2BAB21DB24E6600429171 /* ShellSort */ = {isa = PBXFileReference; explicitFileType = "compiled.mach-o.executable"; includeInIndex = 0; path = ShellSort; sourceTree = BUILT_PRODUCTS_DIR; };
		65B2BAB41DB24E6600429171 /* ShellSort.cpp */ = {isa = PBXFileReference; lastKnownFileType = sourcecode.cpp.cpp; path = ShellSort.cpp; sourceTree = "<group>"; };
		65B2BAC01DB257A000429171 /* QuickSort */ = {isa = PBXFileReference; explicitFileType = "compiled.mach-o.executable"; includeInIndex = 0; path = QuickSort; sourceTree = BUILT_PRODUCTS_DIR; };
		65B2BAC21DB257A000429171 /* QuickSort.cpp */ = {isa = PBXFileReference; lastKnownFileType = sourcecode.cpp.cpp; path = QuickSort.cpp; sourceTree = "<group>"; };
		65B2BACE1DB25FD100429171 /* RadixSort */ = {isa = PBXFileReference; explicitFileType = "compiled.mach-o.executable"; includeInIndex = 0; path = RadixSort; sourceTree = BUILT_PRODUCTS_DIR; };
		65B2BAD01DB25FD100429171 /* RadixSort.cpp */ = {isa = PBXFileReference; lastKnownFileType = sourcecode.cpp.cpp; path = RadixSort.cpp; sourceTree = "<group>"; };
/* End PBXFileReference section */

/* Begin PBXFrameworksBuildPhase section */
		65B2BA831DB22D5000429171 /* Frameworks */ = {
			isa = PBXFrameworksBuildPhase;
			buildActionMask = 2147483647;
			files = (
			);
			runOnlyForDeploymentPostprocessing = 0;
		};
		65B2BA931DB2333F00429171 /* Frameworks */ = {
			isa = PBXFrameworksBuildPhase;
			buildActionMask = 2147483647;
			files = (
			);
			runOnlyForDeploymentPostprocessing = 0;
		};
		65B2BAA11DB24AA700429171 /* Frameworks */ = {
			isa = PBXFrameworksBuildPhase;
			buildActionMask = 2147483647;
			files = (
			);
			runOnlyForDeploymentPostprocessing = 0;
		};
		65B2BAAF1DB24E6600429171 /* Frameworks */ = {
			isa = PBXFrameworksBuildPhase;
			buildActionMask = 2147483647;
			files = (
			);
			runOnlyForDeploymentPostprocessing = 0;
		};
		65B2BABD1DB257A000429171 /* Frameworks */ = {
			isa = PBXFrameworksBuildPhase;
			buildActionMask = 2147483647;
			files = (
			);
			runOnlyForDeploymentPostprocessing = 0;
		};
		65B2BACB1DB25FD100429171 /* Frameworks */ = {
			isa = PBXFrameworksBuildPhase;
			buildActionMask = 2147483647;
			files = (
			);
			runOnlyForDeploymentPostprocessing = 0;
		};
/* End PBXFrameworksBuildPhase section */

/* Begin PBXGroup section */
		654A94E11CD089A000364622 = {
			isa = PBXGroup;
			children = (
				654A94EC1CD089A000364622 /* Public */,
				65B2BA871DB22D5000429171 /* ProduceRandomData */,
				65B2BA971DB2333F00429171 /* InsertionSort */,
				65B2BAA51DB24AA700429171 /* MergeSort */,
				65B2BAB31DB24E6600429171 /* ShellSort */,
				65B2BAC11DB257A000429171 /* QuickSort */,
				65B2BACF1DB25FD100429171 /* RadixSort */,
				654A94EB1CD089A000364622 /* Products */,
			);
			sourceTree = "<group>";
		};
		654A94EB1CD089A000364622 /* Products */ = {
			isa = PBXGroup;
			children = (
				65B2BA861DB22D5000429171 /* ProduceRandomData */,
				65B2BA961DB2333F00429171 /* InsertionSort */,
				65B2BAA41DB24AA700429171 /* MergeSort */,
				65B2BAB21DB24E6600429171 /* ShellSort */,
				65B2BAC01DB257A000429171 /* QuickSort */,
				65B2BACE1DB25FD100429171 /* RadixSort */,
			);
			name = Products;
			sourceTree = "<group>";
		};
		654A94EC1CD089A000364622 /* Public */ = {
			isa = PBXGroup;
			children = (
				65B2BA8F1DB22E0600429171 /* Parameters.h */,
				65B2BA641DB1F6DD00429171 /* Sort.h */,
				65B2BA801DB229B000429171 /* ReadFile.cpp */,
			);
			name = Public;
			path = Algorithm;
			sourceTree = "<group>";
		};
		65B2BA871DB22D5000429171 /* ProduceRandomData */ = {
			isa = PBXGroup;
			children = (
				65B2BA881DB22D5000429171 /* ProduceRandomData.cpp */,
			);
			path = ProduceRandomData;
			sourceTree = "<group>";
		};
		65B2BA971DB2333F00429171 /* InsertionSort */ = {
			isa = PBXGroup;
			children = (
				65B2BA981DB2333F00429171 /* InsertionSort.cpp */,
			);
			path = InsertionSort;
			sourceTree = "<group>";
		};
		65B2BAA51DB24AA700429171 /* MergeSort */ = {
			isa = PBXGroup;
			children = (
				65B2BAA61DB24AA700429171 /* MergeSort.cpp */,
			);
			path = MergeSort;
			sourceTree = "<group>";
		};
		65B2BAB31DB24E6600429171 /* ShellSort */ = {
			isa = PBXGroup;
			children = (
				65B2BAB41DB24E6600429171 /* ShellSort.cpp */,
			);
			path = ShellSort;
			sourceTree = "<group>";
		};
		65B2BAC11DB257A000429171 /* QuickSort */ = {
			isa = PBXGroup;
			children = (
				65B2BAC21DB257A000429171 /* QuickSort.cpp */,
			);
			path = QuickSort;
			sourceTree = "<group>";
		};
		65B2BACF1DB25FD100429171 /* RadixSort */ = {
			isa = PBXGroup;
			children = (
				65B2BAD01DB25FD100429171 /* RadixSort.cpp */,
			);
			path = RadixSort;
			sourceTree = "<group>";
		};
/* End PBXGroup section */

/* Begin PBXNativeTarget section */
		65B2BA851DB22D5000429171 /* ProduceRandomData */ = {
			isa = PBXNativeTarget;
			buildConfigurationList = 65B2BA8A1DB22D5000429171 /* Build configuration list for PBXNativeTarget "ProduceRandomData" */;
			buildPhases = (
				65B2BA821DB22D5000429171 /* Sources */,
				65B2BA831DB22D5000429171 /* Frameworks */,
				65B2BA841DB22D5000429171 /* CopyFiles */,
			);
			buildRules = (
			);
			dependencies = (
			);
			name = ProduceRandomData;
			productName = ProduceRandomData;
			productReference = 65B2BA861DB22D5000429171 /* ProduceRandomData */;
			productType = "com.apple.product-type.tool";
		};
		65B2BA951DB2333F00429171 /* InsertionSort */ = {
			isa = PBXNativeTarget;
			buildConfigurationList = 65B2BA9A1DB2333F00429171 /* Build configuration list for PBXNativeTarget "InsertionSort" */;
			buildPhases = (
				65B2BA921DB2333F00429171 /* Sources */,
				65B2BA931DB2333F00429171 /* Frameworks */,
				65B2BA941DB2333F00429171 /* CopyFiles */,
			);
			buildRules = (
			);
			dependencies = (
			);
			name = InsertionSort;
			productName = InsertionSort;
			productReference = 65B2BA961DB2333F00429171 /* InsertionSort */;
			productType = "com.apple.product-type.tool";
		};
		65B2BAA31DB24AA700429171 /* MergeSort */ = {
			isa = PBXNativeTarget;
			buildConfigurationList = 65B2BAA81DB24AA700429171 /* Build configuration list for PBXNativeTarget "MergeSort" */;
			buildPhases = (
				65B2BAA01DB24AA700429171 /* Sources */,
				65B2BAA11DB24AA700429171 /* Frameworks */,
				65B2BAA21DB24AA700429171 /* CopyFiles */,
			);
			buildRules = (
			);
			dependencies = (
			);
			name = MergeSort;
			productName = MergeSort;
			productReference = 65B2BAA41DB24AA700429171 /* MergeSort */;
			productType = "com.apple.product-type.tool";
		};
		65B2BAB11DB24E6600429171 /* ShellSort */ = {
			isa = PBXNativeTarget;
			buildConfigurationList = 65B2BAB61DB24E6600429171 /* Build configuration list for PBXNativeTarget "ShellSort" */;
			buildPhases = (
				65B2BAAE1DB24E6600429171 /* Sources */,
				65B2BAAF1DB24E6600429171 /* Frameworks */,
				65B2BAB01DB24E6600429171 /* CopyFiles */,
			);
			buildRules = (
			);
			dependencies = (
			);
			name = ShellSort;
			productName = ShellSort;
			productReference = 65B2BAB21DB24E6600429171 /* ShellSort */;
			productType = "com.apple.product-type.tool";
		};
		65B2BABF1DB257A000429171 /* QuickSort */ = {
			isa = PBXNativeTarget;
			buildConfigurationList = 65B2BAC41DB257A000429171 /* Build configuration list for PBXNativeTarget "QuickSort" */;
			buildPhases = (
				65B2BABC1DB257A000429171 /* Sources */,
				65B2BABD1DB257A000429171 /* Frameworks */,
				65B2BABE1DB257A000429171 /* Copy Files */,
			);
			buildRules = (
			);
			dependencies = (
			);
			name = QuickSort;
			productName = QuickSort;
			productReference = 65B2BAC01DB257A000429171 /* QuickSort */;
			productType = "com.apple.product-type.tool";
		};
		65B2BACD1DB25FD100429171 /* RadixSort */ = {
			isa = PBXNativeTarget;
			buildConfigurationList = 65B2BAD21DB25FD100429171 /* Build configuration list for PBXNativeTarget "RadixSort" */;
			buildPhases = (
				65B2BACA1DB25FD100429171 /* Sources */,
				65B2BACB1DB25FD100429171 /* Frameworks */,
				65B2BACC1DB25FD100429171 /* CopyFiles */,
			);
			buildRules = (
			);
			dependencies = (
			);
			name = RadixSort;
			productName = RadixSort;
			productReference = 65B2BACE1DB25FD100429171 /* RadixSort */;
			productType = "com.apple.product-type.tool";
		};
/* End PBXNativeTarget section */

/* Begin PBXProject section */
		654A94E21CD089A000364622 /* Project object */ = {
			isa = PBXProject;
			attributes = {
				LastSwiftUpdateCheck = 0800;
				LastUpgradeCheck = 0800;
				ORGANIZATIONNAME = "孙培文";
				TargetAttributes = {
					65B2BA851DB22D5000429171 = {
						CreatedOnToolsVersion = 8.0;
						ProvisioningStyle = Automatic;
					};
					65B2BA951DB2333F00429171 = {
						CreatedOnToolsVersion = 8.0;
						ProvisioningStyle = Automatic;
					};
					65B2BAA31DB24AA700429171 = {
						CreatedOnToolsVersion = 8.0;
						ProvisioningStyle = Automatic;
					};
					65B2BAB11DB24E6600429171 = {
						CreatedOnToolsVersion = 8.0;
						ProvisioningStyle = Automatic;
					};
					65B2BABF1DB257A000429171 = {
						CreatedOnToolsVersion = 8.0;
						ProvisioningStyle = Automatic;
					};
					65B2BACD1DB25FD100429171 = {
						CreatedOnToolsVersion = 8.0;
						ProvisioningStyle = Automatic;
					};
				};
			};
			buildConfigurationList = 654A94E51CD089A000364622 /* Build configuration list for PBXProject "Algorithm" */;
			compatibilityVersion = "Xcode 3.2";
			developmentRegion = English;
			hasScannedForEncodings = 0;
			knownRegions = (
				en,
			);
			mainGroup = 654A94E11CD089A000364622;
			productRefGroup = 654A94EB1CD089A000364622 /* Products */;
			projectDirPath = "";
			projectRoot = "";
			targets = (
				65B2BA851DB22D5000429171 /* ProduceRandomData */,
				65B2BA951DB2333F00429171 /* InsertionSort */,
				65B2BAA31DB24AA700429171 /* MergeSort */,
				65B2BAB11DB24E6600429171 /* ShellSort */,
				65B2BABF1DB257A000429171 /* QuickSort */,
				65B2BACD1DB25FD100429171 /* RadixSort */,
			);
		};
/* End PBXProject section */

/* Begin PBXSourcesBuildPhase section */
		65B2BA821DB22D5000429171 /* Sources */ = {
			isa = PBXSourcesBuildPhase;
			buildActionMask = 2147483647;
			files = (
				65B2BA8E1DB22DC300429171 /* ProduceRandomData.cpp in Sources */,
			);
			runOnlyForDeploymentPostprocessing = 0;
		};
		65B2BA921DB2333F00429171 /* Sources */ = {
			isa = PBXSourcesBuildPhase;
			buildActionMask = 2147483647;
			files = (
				65B2BA9F1DB233BA00429171 /* ReadFile.cpp in Sources */,
				65B2BA991DB2333F00429171 /* InsertionSort.cpp in Sources */,
			);
			runOnlyForDeploymentPostprocessing = 0;
		};
		65B2BAA01DB24AA700429171 /* Sources */ = {
			isa = PBXSourcesBuildPhase;
			buildActionMask = 2147483647;
			files = (
				65B2BAAD1DB24B1100429171 /* ReadFile.cpp in Sources */,
				65B2BAA71DB24AA700429171 /* MergeSort.cpp in Sources */,
			);
			runOnlyForDeploymentPostprocessing = 0;
		};
		65B2BAAE1DB24E6600429171 /* Sources */ = {
			isa = PBXSourcesBuildPhase;
			buildActionMask = 2147483647;
			files = (
				65B2BABB1DB2524C00429171 /* ReadFile.cpp in Sources */,
				65B2BAB51DB24E6600429171 /* ShellSort.cpp in Sources */,
			);
			runOnlyForDeploymentPostprocessing = 0;
		};
		65B2BABC1DB257A000429171 /* Sources */ = {
			isa = PBXSourcesBuildPhase;
			buildActionMask = 2147483647;
			files = (
				65B2BAC91DB257A600429171 /* ReadFile.cpp in Sources */,
				65B2BAC31DB257A000429171 /* QuickSort.cpp in Sources */,
			);
			runOnlyForDeploymentPostprocessing = 0;
		};
		65B2BACA1DB25FD100429171 /* Sources */ = {
			isa = PBXSourcesBuildPhase;
			buildActionMask = 2147483647;
			files = (
				65B2BAD51DB2608400429171 /* ReadFile.cpp in Sources */,
				65B2BAD11DB25FD100429171 /* RadixSort.cpp in Sources */,
			);
			runOnlyForDeploymentPostprocessing = 0;
		};
/* End PBXSourcesBuildPhase section */

/* Begin XCBuildConfiguration section */
		654A94EF1CD089A000364622 /* Debug */ = {
			isa = XCBuildConfiguration;
			buildSettings = {
				ALWAYS_SEARCH_USER_PATHS = NO;
				CLANG_ANALYZER_NONNULL = YES;
				CLANG_CXX_LANGUAGE_STANDARD = "gnu++0x";
				CLANG_CXX_LIBRARY = "libc++";
				CLANG_ENABLE_MODULES = YES;
				CLANG_ENABLE_OBJC_ARC = YES;
				CLANG_WARN_BOOL_CONVERSION = YES;
				CLANG_WARN_CONSTANT_CONVERSION = YES;
				CLANG_WARN_DIRECT_OBJC_ISA_USAGE = YES_ERROR;
				CLANG_WARN_EMPTY_BODY = YES;
				CLANG_WARN_ENUM_CONVERSION = YES;
				CLANG_WARN_INFINITE_RECURSION = YES;
				CLANG_WARN_INT_CONVERSION = YES;
				CLANG_WARN_OBJC_ROOT_CLASS = YES_ERROR;
				CLANG_WARN_SUSPICIOUS_MOVE = YES;
				CLANG_WARN_UNREACHABLE_CODE = YES;
				CLANG_WARN__DUPLICATE_METHOD_MATCH = YES;
				CODE_SIGN_IDENTITY = "-";
				COPY_PHASE_STRIP = NO;
				DEBUG_INFORMATION_FORMAT = dwarf;
				ENABLE_STRICT_OBJC_MSGSEND = YES;
				ENABLE_TESTABILITY = YES;
				GCC_C_LANGUAGE_STANDARD = gnu99;
				GCC_DYNAMIC_NO_PIC = NO;
				GCC_NO_COMMON_BLOCKS = YES;
				GCC_OPTIMIZATION_LEVEL = 0;
				GCC_PREPROCESSOR_DEFINITIONS = (
					"DEBUG=1",
					"$(inherited)",
				);
				GCC_WARN_64_TO_32_BIT_CONVERSION = YES;
				GCC_WARN_ABOUT_RETURN_TYPE = YES_ERROR;
				GCC_WARN_UNDECLARED_SELECTOR = YES;
				GCC_WARN_UNINITIALIZED_AUTOS = YES_AGGRESSIVE;
				GCC_WARN_UNUSED_FUNCTION = YES;
				GCC_WARN_UNUSED_VARIABLE = YES;
				MACOSX_DEPLOYMENT_TARGET = 10.11;
				MTL_ENABLE_DEBUG_INFO = YES;
				ONLY_ACTIVE_ARCH = YES;
				SDKROOT = macosx;
			};
			name = Debug;
		};
		654A94F01CD089A000364622 /* Release */ = {
			isa = XCBuildConfiguration;
			buildSettings = {
				ALWAYS_SEARCH_USER_PATHS = NO;
				CLANG_ANALYZER_NONNULL = YES;
				CLANG_CXX_LANGUAGE_STANDARD = "gnu++0x";
				CLANG_CXX_LIBRARY = "libc++";
				CLANG_ENABLE_MODULES = YES;
				CLANG_ENABLE_OBJC_ARC = YES;
				CLANG_WARN_BOOL_CONVERSION = YES;
				CLANG_WARN_CONSTANT_CONVERSION = YES;
				CLANG_WARN_DIRECT_OBJC_ISA_USAGE = YES_ERROR;
				CLANG_WARN_EMPTY_BODY = YES;
				CLANG_WARN_ENUM_CONVERSION = YES;
				CLANG_WARN_INFINITE_RECURSION = YES;
				CLANG_WARN_INT_CONVERSION = YES;
				CLANG_WARN_OBJC_ROOT_CLASS = YES_ERROR;
				CLANG_WARN_SUSPICIOUS_MOVE = YES;
				CLANG_WARN_UNREACHABLE_CODE = YES;
				CLANG_WARN__DUPLICATE_METHOD_MATCH = YES;
				CODE_SIGN_IDENTITY = "-";
				COPY_PHASE_STRIP = NO;
				DEBUG_INFORMATION_FORMAT = "dwarf-with-dsym";
				ENABLE_NS_ASSERTIONS = NO;
				ENABLE_STRICT_OBJC_MSGSEND = YES;
				GCC_C_LANGUAGE_STANDARD = gnu99;
				GCC_NO_COMMON_BLOCKS = YES;
				GCC_WARN_64_TO_32_BIT_CONVERSION = YES;
				GCC_WARN_ABOUT_RETURN_TYPE = YES_ERROR;
				GCC_WARN_UNDECLARED_SELECTOR = YES;
				GCC_WARN_UNINITIALIZED_AUTOS = YES_AGGRESSIVE;
				GCC_WARN_UNUSED_FUNCTION = YES;
				GCC_WARN_UNUSED_VARIABLE = YES;
				MACOSX_DEPLOYMENT_TARGET = 10.11;
				MTL_ENABLE_DEBUG_INFO = NO;
				SDKROOT = macosx;
			};
			name = Release;
		};
		65B2BA8B1DB22D5000429171 /* Debug */ = {
			isa = XCBuildConfiguration;
			buildSettings = {
				CLANG_WARN_DOCUMENTATION_COMMENTS = YES;
				CLANG_WARN_SUSPICIOUS_MOVES = YES;
				MACOSX_DEPLOYMENT_TARGET = 10.12;
				PRODUCT_NAME = "$(TARGET_NAME)";
			};
			name = Debug;
		};
		65B2BA8C1DB22D5000429171 /* Release */ = {
			isa = XCBuildConfiguration;
			buildSettings = {
				CLANG_WARN_DOCUMENTATION_COMMENTS = YES;
				CLANG_WARN_SUSPICIOUS_MOVES = YES;
				MACOSX_DEPLOYMENT_TARGET = 10.12;
				PRODUCT_NAME = "$(TARGET_NAME)";
			};
			name = Release;
		};
		65B2BA9B1DB2333F00429171 /* Debug */ = {
			isa = XCBuildConfiguration;
			buildSettings = {
				CLANG_WARN_DOCUMENTATION_COMMENTS = YES;
				CLANG_WARN_SUSPICIOUS_MOVES = YES;
				MACOSX_DEPLOYMENT_TARGET = 10.12;
				PRODUCT_NAME = "$(TARGET_NAME)";
			};
			name = Debug;
		};
		65B2BA9C1DB2333F00429171 /* Release */ = {
			isa = XCBuildConfiguration;
			buildSettings = {
				CLANG_WARN_DOCUMENTATION_COMMENTS = YES;
				CLANG_WARN_SUSPICIOUS_MOVES = YES;
				MACOSX_DEPLOYMENT_TARGET = 10.12;
				PRODUCT_NAME = "$(TARGET_NAME)";
			};
			name = Release;
		};
		65B2BAA91DB24AA700429171 /* Debug */ = {
			isa = XCBuildConfiguration;
			buildSettings = {
				CLANG_WARN_DOCUMENTATION_COMMENTS = YES;
				CLANG_WARN_SUSPICIOUS_MOVES = YES;
				MACOSX_DEPLOYMENT_TARGET = 10.12;
				PRODUCT_NAME = "$(TARGET_NAME)";
			};
			name = Debug;
		};
		65B2BAAA1DB24AA700429171 /* Release */ = {
			isa = XCBuildConfiguration;
			buildSettings = {
				CLANG_WARN_DOCUMENTATION_COMMENTS = YES;
				CLANG_WARN_SUSPICIOUS_MOVES = YES;
				MACOSX_DEPLOYMENT_TARGET = 10.12;
				PRODUCT_NAME = "$(TARGET_NAME)";
			};
			name = Release;
		};
		65B2BAB71DB24E6600429171 /* Debug */ = {
			isa = XCBuildConfiguration;
			buildSettings = {
				CLANG_WARN_DOCUMENTATION_COMMENTS = YES;
				CLANG_WARN_SUSPICIOUS_MOVES = YES;
				MACOSX_DEPLOYMENT_TARGET = 10.12;
				PRODUCT_NAME = "$(TARGET_NAME)";
			};
			name = Debug;
		};
		65B2BAB81DB24E6600429171 /* Release */ = {
			isa = XCBuildConfiguration;
			buildSettings = {
				CLANG_WARN_DOCUMENTATION_COMMENTS = YES;
				CLANG_WARN_SUSPICIOUS_MOVES = YES;
				MACOSX_DEPLOYMENT_TARGET = 10.12;
				PRODUCT_NAME = "$(TARGET_NAME)";
			};
			name = Release;
		};
		65B2BAC51DB257A000429171 /* Debug */ = {
			isa = XCBuildConfiguration;
			buildSettings = {
				CLANG_WARN_DOCUMENTATION_COMMENTS = YES;
				CLANG_WARN_SUSPICIOUS_MOVES = YES;
				MACOSX_DEPLOYMENT_TARGET = 10.12;
				PRODUCT_NAME = "$(TARGET_NAME)";
			};
			name = Debug;
		};
		65B2BAC61DB257A000429171 /* Release */ = {
			isa = XCBuildConfiguration;
			buildSettings = {
				CLANG_WARN_DOCUMENTATION_COMMENTS = YES;
				CLANG_WARN_SUSPICIOUS_MOVES = YES;
				MACOSX_DEPLOYMENT_TARGET = 10.12;
				PRODUCT_NAME = "$(TARGET_NAME)";
			};
			name = Release;
		};
		65B2BAD31DB25FD100429171 /* Debug */ = {
			isa = XCBuildConfiguration;
			buildSettings = {
				CLANG_WARN_DOCUMENTATION_COMMENTS = YES;
				CLANG_WARN_SUSPICIOUS_MOVES = YES;
				MACOSX_DEPLOYMENT_TARGET = 10.12;
				PRODUCT_NAME = "$(TARGET_NAME)";
			};
			name = Debug;
		};
		65B2BAD41DB25FD100429171 /* Release */ = {
			isa = XCBuildConfiguration;
			buildSettings = {
				CLANG_WARN_DOCUMENTATION_COMMENTS = YES;
				CLANG_WARN_SUSPICIOUS_MOVES = YES;
				MACOSX_DEPLOYMENT_TARGET = 10.12;
				PRODUCT_NAME = "$(TARGET_NAME)";
			};
			name = Release;
		};
/* End XCBuildConfiguration section */

/* Begin XCConfigurationList section */
		654A94E51CD089A000364622 /* Build configuration list for PBXProject "Algorithm" */ = {
			isa = XCConfigurationList;
			buildConfigurations = (
				654A94EF1CD089A000364622 /* Debug */,
				654A94F01CD089A000364622 /* Release */,
			);
			defaultConfigurationIsVisible = 0;
			defaultConfigurationName = Release;
		};
		65B2BA8A1DB22D5000429171 /* Build configuration list for PBXNativeTarget "ProduceRandomData" */ = {
			isa = XCConfigurationList;
			buildConfigurations = (
				65B2BA8B1DB22D5000429171 /* Debug */,
				65B2BA8C1DB22D5000429171 /* Release */,
			);
			defaultConfigurationIsVisible = 0;
		};
		65B2BA9A1DB2333F00429171 /* Build configuration list for PBXNativeTarget "InsertionSort" */ = {
			isa = XCConfigurationList;
			buildConfigurations = (
				65B2BA9B1DB2333F00429171 /* Debug */,
				65B2BA9C1DB2333F00429171 /* Release */,
			);
			defaultConfigurationIsVisible = 0;
		};
		65B2BAA81DB24AA700429171 /* Build configuration list for PBXNativeTarget "MergeSort" */ = {
			isa = XCConfigurationList;
			buildConfigurations = (
				65B2BAA91DB24AA700429171 /* Debug */,
				65B2BAAA1DB24AA700429171 /* Release */,
			);
			defaultConfigurationIsVisible = 0;
		};
		65B2BAB61DB24E6600429171 /* Build configuration list for PBXNativeTarget "ShellSort" */ = {
			isa = XCConfigurationList;
			buildConfigurations = (
				65B2BAB71DB24E6600429171 /* Debug */,
				65B2BAB81DB24E6600429171 /* Release */,
			);
			defaultConfigurationIsVisible = 0;
		};
		65B2BAC41DB257A000429171 /* Build configuration list for PBXNativeTarget "QuickSort" */ = {
			isa = XCConfigurationList;
			buildConfigurations = (
				65B2BAC51DB257A000429171 /* Debug */,
				65B2BAC61DB257A000429171 /* Release */,
			);
			defaultConfigurationIsVisible = 0;
		};
		65B2BAD21DB25FD100429171 /* Build configuration list for PBXNativeTarget "RadixSort" */ = {
			isa = XCConfigurationList;
			buildConfigurations = (
				65B2BAD31DB25FD100429171 /* Debug */,
				65B2BAD41DB25FD100429171 /* Release */,
			);
			defaultConfigurationIsVisible = 0;
		};
/* End XCConfigurationList section */
	};
	rootObject = 654A94E21CD089A000364622 /* Project object */;
}
